{
  "version": 4,
  "terraform_version": "1.15.5",
  "serial": 4,
  "lineage": "7e20d793-9624-cb14-c4fa-367ba58d83df",
  "outputs": {},
  "resources": [
    {
      "mode": "data",
      "type": "aws_kms_key",
      "name": "existing_key",
      "provider": "provider[\"registry.terraform.io/hashicorp/aws\"]",
      "instances": [
        {
          "schema_version": 0,
          "attributes": {
            "arn": "arn:aws:kms:us-east-1:865288435208:key/e3686857-e834-4be2-a17f-a383ca2e5aac",
            "aws_account_id": "865288435208",
            "cloud_hsm_cluster_id": "",
            "creation_date": "2024-06-02T18:33:28Z",
            "custom_key_store_id": "",
            "customer_master_key_spec": "SYMMETRIC_DEFAULT",
            "deletion_date": null,
            "description": "Default key that protects my S3 objects when no other key is defined",
            "enabled": true,
            "expiration_model": "",
            "grant_tokens": null,
            "id": "e3686857-e834-4be2-a17f-a383ca2e5aac",
            "key_id": "alias/aws/s3",
            "key_manager": "AWS",
            "key_spec": "SYMMETRIC_DEFAULT",
            "key_state": "Enabled",
            "key_usage": "ENCRYPT_DECRYPT",
            "multi_region": false,
            "multi_region_configuration": [],
            "origin": "AWS_KMS",
            "pending_deletion_window_in_days": 0,
            "region": "us-east-1",
            "valid_to": null,
            "xks_key_configuration": []
          },
          "sensitive_attributes": [],
          "identity_schema_version": 0
        }
      ]
    },
    {
      "mode": "managed",
      "type": "aws_s3_bucket",
      "name": "my_test_bucket_2",
      "provider": "provider[\"registry.terraform.io/hashicorp/aws\"]",
      "instances": [
        {
          "schema_version": 0,
          "attributes": {
            "acceleration_status": "",
            "acl": null,
            "arn": "arn:aws:s3:::higaseijis-bucket-obenkyo-20260604-dev",
            "bucket": "higaseijis-bucket-obenkyo-20260604-dev",
            "bucket_domain_name": "higaseijis-bucket-obenkyo-20260604-dev.s3.amazonaws.com",
            "bucket_namespace": "global",
            "bucket_prefix": "",
            "bucket_region": "us-east-1",
            "bucket_regional_domain_name": "higaseijis-bucket-obenkyo-20260604-dev.s3.us-east-1.amazonaws.com",
            "cors_rule": [],
            "force_destroy": false,
            "grant": [
              {
                "id": "031d211163ae66609861b523f9a58f344031d4ebd8e254917b73e4b074dc0666",
                "permissions": [
                  "FULL_CONTROL"
                ],
                "type": "CanonicalUser",
                "uri": ""
              }
            ],
            "hosted_zone_id": "Z3AQBSTGFYJSTF",
            "id": "higaseijis-bucket-obenkyo-20260604-dev",
            "lifecycle_rule": [],
            "logging": [],
            "object_lock_configuration": [],
            "object_lock_enabled": false,
            "policy": "",
            "region": "us-east-1",
            "replication_configuration": [],
            "request_payer": "BucketOwner",
            "server_side_encryption_configuration": [
              {
                "rule": [
                  {
                    "apply_server_side_encryption_by_default": [
                      {
                        "kms_master_key_id": "",
                        "sse_algorithm": "AES256"
                      }
                    ],
                    "bucket_key_enabled": false
                  }
                ]
              }
            ],
            "tags": {
              "Environment": "dev",
              "Name": "bucket demo terraform",
              "Owner": "seiji",
              "Version": "1"
            },
            "tags_all": {
              "Environment": "dev",
              "Name": "bucket demo terraform",
              "Owner": "seiji",
              "Version": "1"
            },
            "timeouts": null,
            "versioning": [
              {
                "enabled": false,
                "mfa_delete": false
              }
            ],
            "website": [],
            "website_domain": null,
            "website_endpoint": null
          },
          "sensitive_attributes": [],
          "identity_schema_version": 0,
          "identity": {
            "account_id": "865288435208",
            "bucket": "higaseijis-bucket-obenkyo-20260604-dev",
            "region": "us-east-1"
          },
          "private": "eyJlMmJmYjczMC1lY2FhLTExZTYtOGY4OC0zNDM2M2JjN2M0YzAiOnsiY3JlYXRlIjoxMjAwMDAwMDAwMDAwLCJkZWxldGUiOjM2MDAwMDAwMDAwMDAsInJlYWQiOjEyMDAwMDAwMDAwMDAsInVwZGF0ZSI6MTIwMDAwMDAwMDAwMH19"
        }
      ]
    },
    {
      "mode": "managed",
      "type": "aws_s3_bucket_server_side_encryption_configuration",
      "name": "bucket_crypto",
      "provider": "provider[\"registry.terraform.io/hashicorp/aws\"]",
      "instances": [
        {
          "schema_version": 0,
          "attributes": {
            "bucket": "higaseijis-bucket-obenkyo-20260604-dev",
            "expected_bucket_owner": "",
            "id": "higaseijis-bucket-obenkyo-20260604-dev",
            "region": "us-east-1",
            "rule": [
              {
                "apply_server_side_encryption_by_default": [
                  {
                    "kms_master_key_id": "arn:aws:kms:us-east-1:865288435208:key/e3686857-e834-4be2-a17f-a383ca2e5aac",
                    "sse_algorithm": "aws:kms"
                  }
                ],
                "blocked_encryption_types": [
                  "SSE-C"
                ],
                "bucket_key_enabled": false
              }
            ]
          },
          "sensitive_attributes": [],
          "identity_schema_version": 1,
          "identity": {
            "account_id": "865288435208",
            "bucket": "higaseijis-bucket-obenkyo-20260604-dev",
            "region": "us-east-1"
          },
          "private": "bnVsbA==",
          "dependencies": [
            "aws_s3_bucket.my_test_bucket_2",
            "data.aws_kms_key.existing_key"
          ]
        }
      ]
    }
  ],
  "check_results": null
}
